
Microsoft Visual Studio Solution File, Format Version 12.00
# Visual Studio Version 17
VisualStudioVersion = 17.6.33723.286
MinimumVisualStudioVersion = 10.0.40219.1
Project("{FAE04EC0-301F-11D3-BF4B-00C04F79EFBC}") = "AlgoDojo", "AlgoDojo\AlgoDojo.csproj", "{CF479669-DC0F-4468-972E-588CFC6BE8E2}"
EndProject
Project("{FAE04EC0-301F-11D3-BF4B-00C04F79EFBC}") = "AlgoDojo.Tests", "AlgoDojo.Tests\AlgoDojo.Tests.csproj", "{56218510-3257-4A3B-B940-9406DFB3F926}"
EndProject
Global
	GlobalSection(SolutionConfigurationPlatforms) = preSolution
		Debug|Any CPU = Debug|Any CPU
		Release|Any CPU = Release|Any CPU
	EndGlobalSection
	GlobalSection(ProjectConfigurationPlatforms) = postSolution
		{CF479669-DC0F-4468-972E-588CFC6BE8E2}.Debug|Any CPU.ActiveCfg = Debug|Any CPU
		{CF479669-DC0F-4468-972E-588CFC6BE8E2}.Debug|Any CPU.Build.0 = Debug|Any CPU
		{CF479669-DC0F-4468-972E-588CFC6BE8E2}.Release|Any CPU.ActiveCfg = Release|Any CPU
		{CF479669-DC0F-4468-972E-588CFC6BE8E2}.Release|Any CPU.Build.0 = Release|Any CPU
		{56218510-3257-4A3B-B940-9406DFB3F926}.Debug|Any CPU.ActiveCfg = Debug|Any CPU
		{56218510-3257-4A3B-B940-9406DFB3F926}.Debug|Any CPU.Build.0 = Debug|Any CPU
		{56218510-3257-4A3B-B940-9406DFB3F926}.Release|Any CPU.ActiveCfg = Release|Any CPU
		{56218510-3257-4A3B-B940-9406DFB3F926}.Release|Any CPU.Build.0 = Release|Any CPU
	EndGlobalSection
	GlobalSection(SolutionProperties) = preSolution
		HideSolutionNode = FALSE
	EndGlobalSection
	GlobalSection(ExtensibilityGlobals) = postSolution
		SolutionGuid = {C6B957ED-1966-4A16-B658-57DA1578AD54}
	EndGlobalSection
EndGlobal
